// !$*UTF8*$!
{
	archiveVersion = 1;
	classes = {
	};
	objectVersion = 46;
	objects = {

/* Begin PBXBuildFile section */
		22D636FF1C335C5C00ADD91B /* AppDelegate.swift in Sources */ = {isa = PBXBuildFile; fileRef = 22D636FE1C335C5C00ADD91B /* AppDelegate.swift */; };
		22D637011C335C5C00ADD91B /* ListViewController.swift in Sources */ = {isa = PBXBuildFile; fileRef = 22D637001C335C5C00ADD91B /* ListViewController.swift */; };
		22D637041C335C5C00ADD91B /* Main.storyboard in Resources */ = {isa = PBXBuildFile; fileRef = 22D637021C335C5C00ADD91B /* Main.storyboard */; };
		22D637061C335C5C00ADD91B /* Assets.xcassets in Resources */ = {isa = PBXBuildFile; fileRef = 22D637051C335C5C00ADD91B /* Assets.xcassets */; };
		22D637091C335C5C00ADD91B /* LaunchScreen.storyboard in Resources */ = {isa = PBXBuildFile; fileRef = 22D637071C335C5C00ADD91B /* LaunchScreen.storyboard */; };
		22D637151C335CAC00ADD91B /* Realm.framework in Frameworks */ = {isa = PBXBuildFile; fileRef = 22D637111C335CA200ADD91B /* Realm.framework */; };
		22D637161C335CAC00ADD91B /* Realm.framework in Embed Frameworks */ = {isa = PBXBuildFile; fileRef = 22D637111C335CA200ADD91B /* Realm.framework */; settings = {ATTRIBUTES = (CodeSignOnCopy, RemoveHeadersOnCopy, ); }; };
		22D637171C335CAC00ADD91B /* RealmSwift.framework in Frameworks */ = {isa = PBXBuildFile; fileRef = 22D637121C335CA200ADD91B /* RealmSwift.framework */; };
		22D637181C335CAC00ADD91B /* RealmSwift.framework in Embed Frameworks */ = {isa = PBXBuildFile; fileRef = 22D637121C335CA200ADD91B /* RealmSwift.framework */; settings = {ATTRIBUTES = (CodeSignOnCopy, RemoveHeadersOnCopy, ); }; };
		22D6371B1C335CC400ADD91B /* Store.swift in Sources */ = {isa = PBXBuildFile; fileRef = 22D6371A1C335CC400ADD91B /* Store.swift */; };
		22D6371D1C335D8C00ADD91B /* Action.swift in Sources */ = {isa = PBXBuildFile; fileRef = 22D6371C1C335D8C00ADD91B /* Action.swift */; };
		22D6371F1C335DA400ADD91B /* Models.swift in Sources */ = {isa = PBXBuildFile; fileRef = 22D6371E1C335DA400ADD91B /* Models.swift */; };
/* End PBXBuildFile section */

/* Begin PBXCopyFilesBuildPhase section */
		22D637191C335CAC00ADD91B /* Embed Frameworks */ = {
			isa = PBXCopyFilesBuildPhase;
			buildActionMask = 2147483647;
			dstPath = "";
			dstSubfolderSpec = 10;
			files = (
				22D637181C335CAC00ADD91B /* RealmSwift.framework in Embed Frameworks */,
				22D637161C335CAC00ADD91B /* Realm.framework in Embed Frameworks */,
			);
			name = "Embed Frameworks";
			runOnlyForDeploymentPostprocessing = 0;
		};
/* End PBXCopyFilesBuildPhase section */

/* Begin PBXFileReference section */
		22D636FB1C335C5C00ADD91B /* UnidirectionalTest.app */ = {isa = PBXFileReference; explicitFileType = wrapper.application; includeInIndex = 0; path = UnidirectionalTest.app; sourceTree = BUILT_PRODUCTS_DIR; };
		22D636FE1C335C5C00ADD91B /* AppDelegate.swift */ = {isa = PBXFileReference; lastKnownFileType = sourcecode.swift; path = AppDelegate.swift; sourceTree = "<group>"; };
		22D637001C335C5C00ADD91B /* ListViewController.swift */ = {isa = PBXFileReference; lastKnownFileType = sourcecode.swift; path = ListViewController.swift; sourceTree = "<group>"; };
		22D637031C335C5C00ADD91B /* Base */ = {isa = PBXFileReference; lastKnownFileType = file.storyboard; name = Base; path = Base.lproj/Main.storyboard; sourceTree = "<group>"; };
		22D637051C335C5C00ADD91B /* Assets.xcassets */ = {isa = PBXFileReference; lastKnownFileType = folder.assetcatalog; path = Assets.xcassets; sourceTree = "<group>"; };
		22D637081C335C5C00ADD91B /* Base */ = {isa = PBXFileReference; lastKnownFileType = file.storyboard; name = Base; path = Base.lproj/LaunchScreen.storyboard; sourceTree = "<group>"; };
		22D6370A1C335C5C00ADD91B /* Info.plist */ = {isa = PBXFileReference; lastKnownFileType = text.plist.xml; path = Info.plist; sourceTree = "<group>"; };
		22D637111C335CA200ADD91B /* Realm.framework */ = {isa = PBXFileReference; lastKnownFileType = wrapper.framework; path = Realm.framework; sourceTree = "<group>"; };
		22D637121C335CA200ADD91B /* RealmSwift.framework */ = {isa = PBXFileReference; lastKnownFileType = wrapper.framework; path = RealmSwift.framework; sourceTree = "<group>"; };
		22D6371A1C335CC400ADD91B /* Store.swift */ = {isa = PBXFileReference; fileEncoding = 4; lastKnownFileType = sourcecode.swift; path = Store.swift; sourceTree = "<group>"; };
		22D6371C1C335D8C00ADD91B /* Action.swift */ = {isa = PBXFileReference; fileEncoding = 4; lastKnownFileType = sourcecode.swift; path = Action.swift; sourceTree = "<group>"; };
		22D6371E1C335DA400ADD91B /* Models.swift */ = {isa = PBXFileReference; fileEncoding = 4; lastKnownFileType = sourcecode.swift; path = Models.swift; sourceTree = "<group>"; };
/* End PBXFileReference section */

/* Begin PBXFrameworksBuildPhase section */
		22D636F81C335C5C00ADD91B /* Frameworks */ = {
			isa = PBXFrameworksBuildPhase;
			buildActionMask = 2147483647;
			files = (
				22D637151C335CAC00ADD91B /* Realm.framework in Frameworks */,
				22D637171C335CAC00ADD91B /* RealmSwift.framework in Frameworks */,
			);
			runOnlyForDeploymentPostprocessing = 0;
		};
/* End PBXFrameworksBuildPhase section */

/* Begin PBXGroup section */
		22D636F21C335C5C00ADD91B = {
			isa = PBXGroup;
			children = (
				22D637101C335CA200ADD91B /* Frameworks */,
				22D636FD1C335C5C00ADD91B /* UnidirectionalTest */,
				22D636FC1C335C5C00ADD91B /* Products */,
			);
			sourceTree = "<group>";
		};
		22D636FC1C335C5C00ADD91B /* Products */ = {
			isa = PBXGroup;
			children = (
				22D636FB1C335C5C00ADD91B /* UnidirectionalTest.app */,
			);
			name = Products;
			sourceTree = "<group>";
		};
		22D636FD1C335C5C00ADD91B /* UnidirectionalTest */ = {
			isa = PBXGroup;
			children = (
				22D636FE1C335C5C00ADD91B /* AppDelegate.swift */,
				22D637001C335C5C00ADD91B /* ListViewController.swift */,
				22D6371A1C335CC400ADD91B /* Store.swift */,
				22D6371C1C335D8C00ADD91B /* Action.swift */,
				22D6371E1C335DA400ADD91B /* Models.swift */,
				22D637021C335C5C00ADD91B /* Main.storyboard */,
				22D637051C335C5C00ADD91B /* Assets.xcassets */,
				22D637071C335C5C00ADD91B /* LaunchScreen.storyboard */,
				22D6370A1C335C5C00ADD91B /* Info.plist */,
			);
			path = UnidirectionalTest;
			sourceTree = "<group>";
		};
		22D637101C335CA200ADD91B /* Frameworks */ = {
			isa = PBXGroup;
			children = (
				22D637111C335CA200ADD91B /* Realm.framework */,
				22D637121C335CA200ADD91B /* RealmSwift.framework */,
			);
			name = Frameworks;
			path = UnidirectionalTest/Frameworks;
			sourceTree = "<group>";
		};
/* End PBXGroup section */

/* Begin PBXNativeTarget section */
		22D636FA1C335C5C00ADD91B /* UnidirectionalTest */ = {
			isa = PBXNativeTarget;
			buildConfigurationList = 22D6370D1C335C5C00ADD91B /* Build configuration list for PBXNativeTarget "UnidirectionalTest" */;
			buildPhases = (
				22D636F71C335C5C00ADD91B /* Sources */,
				22D636F81C335C5C00ADD91B /* Frameworks */,
				22D636F91C335C5C00ADD91B /* Resources */,
				22D637191C335CAC00ADD91B /* Embed Frameworks */,
			);
			buildRules = (
			);
			dependencies = (
			);
			name = UnidirectionalTest;
			productName = UnidirectionalTest;
			productReference = 22D636FB1C335C5C00ADD91B /* UnidirectionalTest.app */;
			productType = "com.apple.product-type.application";
		};
/* End PBXNativeTarget section */

/* Begin PBXProject section */
		22D636F31C335C5C00ADD91B /* Project object */ = {
			isa = PBXProject;
			attributes = {
				LastSwiftUpdateCheck = 0720;
				LastUpgradeCheck = 0720;
				ORGANIZATIONNAME = "codesplice pty ltd";
				TargetAttributes = {
					22D636FA1C335C5C00ADD91B = {
						CreatedOnToolsVersion = 7.2;
					};
				};
			};
			buildConfigurationList = 22D636F61C335C5C00ADD91B /* Build configuration list for PBXProject "UnidirectionalTest" */;
			compatibilityVersion = "Xcode 3.2";
			developmentRegion = English;
			hasScannedForEncodings = 0;
			knownRegions = (
				en,
				Base,
			);
			mainGroup = 22D636F21C335C5C00ADD91B;
			productRefGroup = 22D636FC1C335C5C00ADD91B /* Products */;
			projectDirPath = "";
			projectRoot = "";
			targets = (
				22D636FA1C335C5C00ADD91B /* UnidirectionalTest */,
			);
		};
/* End PBXProject section */

/* Begin PBXResourcesBuildPhase section */
		22D636F91C335C5C00ADD91B /* Resources */ = {
			isa = PBXResourcesBuildPhase;
			buildActionMask = 2147483647;
			files = (
				22D637091C335C5C00ADD91B /* LaunchScreen.storyboard in Resources */,
				22D637061C335C5C00ADD91B /* Assets.xcassets in Resources */,
				22D637041C335C5C00ADD91B /* Main.storyboard in Resources */,
			);
			runOnlyForDeploymentPostprocessing = 0;
		};
/* End PBXResourcesBuildPhase section */

/* Begin PBXSourcesBuildPhase section */
		22D636F71C335C5C00ADD91B /* Sources */ = {
			isa = PBXSourcesBuildPhase;
			buildActionMask = 2147483647;
			files = (
				22D6371B1C335CC400ADD91B /* Store.swift in Sources */,
				22D6371D1C335D8C00ADD91B /* Action.swift in Sources */,
				22D637011C335C5C00ADD91B /* ListViewController.swift in Sources */,
				22D636FF1C335C5C00ADD91B /* AppDelegate.swift in Sources */,
				22D6371F1C335DA400ADD91B /* Models.swift in Sources */,
			);
			runOnlyForDeploymentPostprocessing = 0;
		};
/* End PBXSourcesBuildPhase section */

/* Begin PBXVariantGroup section */
		22D637021C335C5C00ADD91B /* Main.storyboard */ = {
			isa = PBXVariantGroup;
			children = (
				22D637031C335C5C00ADD91B /* Base */,
			);
			name = Main.storyboard;
			sourceTree = "<group>";
		};
		22D637071C335C5C00ADD91B /* LaunchScreen.storyboard */ = {
			isa = PBXVariantGroup;
			children = (
				22D637081C335C5C00ADD91B /* Base */,
			);
			name = LaunchScreen.storyboard;
			sourceTree = "<group>";
		};
/* End PBXVariantGroup section */

/* Begin XCBuildConfiguration section */
		22D6370B1C335C5C00ADD91B /* Debug */ = {
			isa = XCBuildConfiguration;
			buildSettings = {
				ALWAYS_SEARCH_USER_PATHS = NO;
				CLANG_CXX_LANGUAGE_STANDARD = "gnu++0x";
				CLANG_CXX_LIBRARY = "libc++";
				CLANG_ENABLE_MODULES = YES;
				CLANG_ENABLE_OBJC_ARC = YES;
				CLANG_WARN_BOOL_CONVERSION = YES;
				CLANG_WARN_CONSTANT_CONVERSION = YES;
				CLANG_WARN_DIRECT_OBJC_ISA_USAGE = YES_ERROR;
				CLANG_WARN_EMPTY_BODY = YES;
				CLANG_WARN_ENUM_CONVERSION = YES;
				CLANG_WARN_INT_CONVERSION = YES;
				CLANG_WARN_OBJC_ROOT_CLASS = YES_ERROR;
				CLANG_WARN_UNREACHABLE_CODE = YES;
				CLANG_WARN__DUPLICATE_METHOD_MATCH = YES;
				"CODE_SIGN_IDENTITY[sdk=iphoneos*]" = "iPhone Developer";
				COPY_PHASE_STRIP = NO;
				DEBUG_INFORMATION_FORMAT = dwarf;
				ENABLE_STRICT_OBJC_MSGSEND = YES;
				ENABLE_TESTABILITY = YES;
				GCC_C_LANGUAGE_STANDARD = gnu99;
				GCC_DYNAMIC_NO_PIC = NO;
				GCC_NO_COMMON_BLOCKS = YES;
				GCC_OPTIMIZATION_LEVEL = 0;
				GCC_PREPROCESSOR_DEFINITIONS = (
					"DEBUG=1",
					"$(inherited)",
				);
				GCC_WARN_64_TO_32_BIT_CONVERSION = YES;
				GCC_WARN_ABOUT_RETURN_TYPE = YES_ERROR;
				GCC_WARN_UNDECLARED_SELECTOR = YES;
				GCC_WARN_UNINITIALIZED_AUTOS = YES_AGGRESSIVE;
				GCC_WARN_UNUSED_FUNCTION = YES;
				GCC_WARN_UNUSED_VARIABLE = YES;
				IPHONEOS_DEPLOYMENT_TARGET = 9.2;
				MTL_ENABLE_DEBUG_INFO = YES;
				ONLY_ACTIVE_ARCH = YES;
				SDKROOT = iphoneos;
				SWIFT_OPTIMIZATION_LEVEL = "-Onone";
			};
			name = Debug;
		};
		22D6370C1C335C5C00ADD91B /* Release */ = {
			isa = XCBuildConfiguration;
			buildSettings = {
				ALWAYS_SEARCH_USER_PATHS = NO;
				CLANG_CXX_LANGUAGE_STANDARD = "gnu++0x";
				CLANG_CXX_LIBRARY = "libc++";
				CLANG_ENABLE_MODULES = YES;
				CLANG_ENABLE_OBJC_ARC = YES;
				CLANG_WARN_BOOL_CONVERSION = YES;
				CLANG_WARN_CONSTANT_CONVERSION = YES;
				CLANG_WARN_DIRECT_OBJC_ISA_USAGE = YES_ERROR;
				CLANG_WARN_EMPTY_BODY = YES;
				CLANG_WARN_ENUM_CONVERSION = YES;
				CLANG_WARN_INT_CONVERSION = YES;
				CLANG_WARN_OBJC_ROOT_CLASS = YES_ERROR;
				CLANG_WARN_UNREACHABLE_CODE = YES;
				CLANG_WARN__DUPLICATE_METHOD_MATCH = YES;
				"CODE_SIGN_IDENTITY[sdk=iphoneos*]" = "iPhone Developer";
				COPY_PHASE_STRIP = NO;
				DEBUG_INFORMATION_FORMAT = "dwarf-with-dsym";
				ENABLE_NS_ASSERTIONS = NO;
				ENABLE_STRICT_OBJC_MSGSEND = YES;
				GCC_C_LANGUAGE_STANDARD = gnu99;
				GCC_NO_COMMON_BLOCKS = YES;
				GCC_WARN_64_TO_32_BIT_CONVERSION = YES;
				GCC_WARN_ABOUT_RETURN_TYPE = YES_ERROR;
				GCC_WARN_UNDECLARED_SELECTOR = YES;
				GCC_WARN_UNINITIALIZED_AUTOS = YES_AGGRESSIVE;
				GCC_WARN_UNUSED_FUNCTION = YES;
				GCC_WARN_UNUSED_VARIABLE = YES;
				IPHONEOS_DEPLOYMENT_TARGET = 9.2;
				MTL_ENABLE_DEBUG_INFO = NO;
				SDKROOT = iphoneos;
				VALIDATE_PRODUCT = YES;
			};
			name = Release;
		};
		22D6370E1C335C5C00ADD91B /* Debug */ = {
			isa = XCBuildConfiguration;
			buildSettings = {
				ASSETCATALOG_COMPILER_APPICON_NAME = AppIcon;
				FRAMEWORK_SEARCH_PATHS = (
					"$(inherited)",
					"$(PROJECT_DIR)/UnidirectionalTest/Frameworks",
				);
				INFOPLIST_FILE = UnidirectionalTest/Info.plist;
				LD_RUNPATH_SEARCH_PATHS = "$(inherited) @executable_path/Frameworks";
				PRODUCT_BUNDLE_IDENTIFIER = au.com.codesplice.UnidirectionalTest;
				PRODUCT_NAME = "$(TARGET_NAME)";
			};
			name = Debug;
		};
		22D6370F1C335C5C00ADD91B /* Release */ = {
			isa = XCBuildConfiguration;
			buildSettings = {
				ASSETCATALOG_COMPILER_APPICON_NAME = AppIcon;
				FRAMEWORK_SEARCH_PATHS = (
					"$(inherited)",
					"$(PROJECT_DIR)/UnidirectionalTest/Frameworks",
				);
				INFOPLIST_FILE = UnidirectionalTest/Info.plist;
				LD_RUNPATH_SEARCH_PATHS = "$(inherited) @executable_path/Frameworks";
				PRODUCT_BUNDLE_IDENTIFIER = au.com.codesplice.UnidirectionalTest;
				PRODUCT_NAME = "$(TARGET_NAME)";
			};
			name = Release;
		};
/* End XCBuildConfiguration section */

/* Begin XCConfigurationList section */
		22D636F61C335C5C00ADD91B /* Build configuration list for PBXProject "UnidirectionalTest" */ = {
			isa = XCConfigurationList;
			buildConfigurations = (
				22D6370B1C335C5C00ADD91B /* Debug */,
				22D6370C1C335C5C00ADD91B /* Release */,
			);
			defaultConfigurationIsVisible = 0;
			defaultConfigurationName = Release;
		};
		22D6370D1C335C5C00ADD91B /* Build configuration list for PBXNativeTarget "UnidirectionalTest" */ = {
			isa = XCConfigurationList;
			buildConfigurations = (
				22D6370E1C335C5C00ADD91B /* Debug */,
				22D6370F1C335C5C00ADD91B /* Release */,
			);
			defaultConfigurationIsVisible = 0;
			defaultConfigurationName = Release;
		};
/* End XCConfigurationList section */
	};
	rootObject = 22D636F31C335C5C00ADD91B /* Project object */;
}
